
Microsoft Visual Studio Solution File, Format Version 12.00
# Visual Studio Version 17
VisualStudioVersion = 17.4.33213.308
MinimumVisualStudioVersion = 10.0.40219.1
Project("{FAE04EC0-301F-11D3-BF4B-00C04F79EFBC}") = "AwsRekogImageWF", "AwsRekogImageWF\AwsRekogImageWF.csproj", "{5850BF10-D089-4C5F-9ACA-E92E3DB994D2}"
EndProject
Global
	GlobalSection(SolutionConfigurationPlatforms) = preSolution
		Debug|Any CPU = Debug|Any CPU
		Release|Any CPU = Release|Any CPU
	EndGlobalSection
	GlobalSection(ProjectConfigurationPlatforms) = postSolution
		{5850BF10-D089-4C5F-9ACA-E92E3DB994D2}.Debug|Any CPU.ActiveCfg = Debug|Any CPU
		{5850BF10-D089-4C5F-9ACA-E92E3DB994D2}.Debug|Any CPU.Build.0 = Debug|Any CPU
		{5850BF10-D089-4C5F-9ACA-E92E3DB994D2}.Release|Any CPU.ActiveCfg = Release|Any CPU
		{5850BF10-D089-4C5F-9ACA-E92E3DB994D2}.Release|Any CPU.Build.0 = Release|Any CPU
	EndGlobalSection
	GlobalSection(SolutionProperties) = preSolution
		HideSolutionNode = FALSE
	EndGlobalSection
	GlobalSection(ExtensibilityGlobals) = postSolution
		SolutionGuid = {A256EBE5-5D4B-450A-BC68-E2819AE3890B}
	EndGlobalSection
EndGlobal
